<?xml version="1.0" encoding="utf-8"?>
<Project ToolsVersion="4.0" xmlns="http://schemas.microsoft.com/developer/msbuild/2003">
  <ItemGroup>
    <Filter Include="Source Files">
      <UniqueIdentifier>{4FC737F1-C7A5-4376-A066-2A32D752A2FF}</UniqueIdentifier>
      <Extensions>cpp;c;cc;cxx;def;odl;idl;hpj;bat;asm;asmx</Extensions>
    </Filter>
    <Filter Include="Header Files">
      <UniqueIdentifier>{93995380-89BD-4b04-88EB-625FBE52EBFB}</UniqueIdentifier>
      <Extensions>h;hh;hpp;hxx;hm;inl;inc;xsd</Extensions>
    </Filter>
    <Filter Include="Resource Files">
      <UniqueIdentifier>{D9D6E242-F8AF-46E4-B9FD-80ECBC20BA3E}</UniqueIdentifier>
      <Extensions>qrc;*</Extensions>
      <ParseFiles>false</ParseFiles>
    </Filter>
    <Filter Include="Form Files">
      <UniqueIdentifier>{99349809-55BA-4b9d-BF79-8FDBB0286EB3}</UniqueIdentifier>
      <Extensions>ui</Extensions>
    </Filter>
    <Filter Include="Resource Files">
      <UniqueIdentifier>{D9D6E242-F8AF-46E4-B9FD-80ECBC20BA3E}</UniqueIdentifier>
      <Extensions>qrc;*</Extensions>
      <ParseFiles>false</ParseFiles>
    </Filter>
    <Filter Include="Generated Files">
      <UniqueIdentifier>{71ED8ED8-ACB9-4CE9-BBE1-E00B30144E11}</UniqueIdentifier>
      <Extensions>moc;h;cpp</Extensions>
      <SourceControlFiles>False</SourceControlFiles>
    </Filter>
    <Filter Include="Generated Files\Debug">
      <UniqueIdentifier>{a8ee9643-bce4-4f24-b385-27459b6d0dda}</UniqueIdentifier>
      <Extensions>cpp;moc</Extensions>
      <SourceControlFiles>False</SourceControlFiles>
    </Filter>
    <Filter Include="Generated Files\Release">
      <UniqueIdentifier>{a07d3907-e23a-4ce0-a601-9bc0a7dc29d0}</UniqueIdentifier>
      <Extensions>cpp;moc</Extensions>
      <SourceControlFiles>False</SourceControlFiles>
    </Filter>
    <Filter Include="incl">
      <UniqueIdentifier>{5a7c6bec-bf5f-407e-8434-fbac67565d4d}</UniqueIdentifier>
    </Filter>
    <Filter Include="utils">
      <UniqueIdentifier>{ce3e5cee-88a9-4f85-8fb7-660255380122}</UniqueIdentifier>
    </Filter>
    <Filter Include="utils\log">
      <UniqueIdentifier>{6e18469f-6cfc-431d-9b66-5dca6fe87847}</UniqueIdentifier>
    </Filter>
    <Filter Include="utils\md5">
      <UniqueIdentifier>{10366ec4-207a-4ee8-8257-0587313ebf21}</UniqueIdentifier>
    </Filter>
    <Filter Include="utils\socket">
      <UniqueIdentifier>{0fa039da-2f60-4730-8a37-658cc3fe6778}</UniqueIdentifier>
    </Filter>
    <Filter Include="utils\pc">
      <UniqueIdentifier>{acf93201-b3e4-4368-b4b6-ab589bd1481b}</UniqueIdentifier>
    </Filter>
    <Filter Include="utils\string">
      <UniqueIdentifier>{c192a3fd-cfb2-4510-a3b5-42af72de65fc}</UniqueIdentifier>
    </Filter>
  </ItemGroup>
  <ItemGroup>
    <ClCompile Include="main.cpp">
      <Filter>Source Files</Filter>
    </ClCompile>
    <ClCompile Include="IRProc.cpp">
      <Filter>Source Files</Filter>
    </ClCompile>
    <ClCompile Include="GeneratedFiles\Debug\moc_IRProc.cpp">
      <Filter>Generated Files\Debug</Filter>
    </ClCompile>
    <ClCompile Include="GeneratedFiles\Release\moc_IRProc.cpp">
      <Filter>Generated Files\Release</Filter>
    </ClCompile>
    <ClCompile Include="GeneratedFiles\qrc_IRProc.cpp">
      <Filter>Generated Files</Filter>
    </ClCompile>
    <ClCompile Include="mycustomslider.cpp">
      <Filter>Source Files</Filter>
    </ClCompile>
    <ClCompile Include="g_variables.cpp">
      <Filter>Source Files</Filter>
    </ClCompile>
    <ClCompile Include="CvxText.cpp">
      <Filter>Source Files</Filter>
    </ClCompile>
    <ClCompile Include="GeneratedFiles\Debug\moc_MyLabel.cpp">
      <Filter>Generated Files\Debug</Filter>
    </ClCompile>
    <ClCompile Include="GeneratedFiles\Release\moc_MyLabel.cpp">
      <Filter>Generated Files\Release</Filter>
    </ClCompile>
    <ClCompile Include="MyLabel.cpp">
      <Filter>Source Files</Filter>
    </ClCompile>
    <ClCompile Include="GeneratedFiles\Debug\moc_LogDlg.cpp">
      <Filter>Generated Files\Debug</Filter>
    </ClCompile>
    <ClCompile Include="GeneratedFiles\Release\moc_LogDlg.cpp">
      <Filter>Generated Files\Release</Filter>
    </ClCompile>
    <ClCompile Include="LogDlg.cpp">
      <Filter>Source Files</Filter>
    </ClCompile>
    <ClCompile Include="client.cpp">
      <Filter>Source Files</Filter>
    </ClCompile>
    <ClCompile Include="utils\log\Logger.cpp">
      <Filter>utils\log</Filter>
    </ClCompile>
    <ClCompile Include="utils\md5\md5.cpp">
      <Filter>utils\md5</Filter>
    </ClCompile>
    <ClCompile Include="utils\string\string_utils.cpp">
      <Filter>utils\string</Filter>
    </ClCompile>
    <ClCompile Include="utils\pc\pc_info.cpp">
      <Filter>utils\pc</Filter>
    </ClCompile>
    <ClCompile Include="utils\socket\Socket.cpp">
      <Filter>utils\socket</Filter>
    </ClCompile>
  </ItemGroup>
  <ItemGroup>
    <CustomBuild Include="IRProc.h">
      <Filter>Header Files</Filter>
    </CustomBuild>
    <CustomBuild Include="IRProc.ui">
      <Filter>Form Files</Filter>
    </CustomBuild>
    <CustomBuild Include="IRProc.qrc">
      <Filter>Resource Files</Filter>
    </CustomBuild>
    <CustomBuild Include="MyLabel.h">
      <Filter>Header Files</Filter>
    </CustomBuild>
    <CustomBuild Include="LogDlg.h">
      <Filter>Header Files</Filter>
    </CustomBuild>
    <CustomBuild Include="LogDlg.ui">
      <Filter>Form Files</Filter>
    </CustomBuild>
  </ItemGroup>
  <ItemGroup>
    <ClInclude Include="GeneratedFiles\ui_IRProc.h">
      <Filter>Generated Files</Filter>
    </ClInclude>
    <ClInclude Include="mycustomslider.h">
      <Filter>Header Files</Filter>
    </ClInclude>
    <ClInclude Include="CvxText.h">
      <Filter>Header Files</Filter>
    </ClInclude>
    <ClInclude Include="GeneratedFiles\ui_LogDlg.h">
      <Filter>Generated Files</Filter>
    </ClInclude>
    <ClInclude Include="incl\client.h">
      <Filter>incl</Filter>
    </ClInclude>
    <ClInclude Include="incl\protocol.h">
      <Filter>incl</Filter>
    </ClInclude>
    <ClInclude Include="utils\log\Logger.h">
      <Filter>utils\log</Filter>
    </ClInclude>
    <ClInclude Include="utils\md5\md5.h">
      <Filter>utils\md5</Filter>
    </ClInclude>
    <ClInclude Include="utils\string\string_utils.h">
      <Filter>utils\string</Filter>
    </ClInclude>
    <ClInclude Include="utils\pc\pc_info.h">
      <Filter>utils\pc</Filter>
    </ClInclude>
    <ClInclude Include="utils\socket\Socket.h">
      <Filter>utils\socket</Filter>
    </ClInclude>
  </ItemGroup>
</Project>